{
  "name": "server-golang",
  "version": "1.0.0",
  "lockfileVersion": 3,
  "requires": true,
  "packages": {
    "": {
      "name": "server-golang",
      "version": "1.0.0",
      "license": "ISC",
      "devDependencies": {
        "dbmate": "^2.17.0"
      }
    },
    "node_modules/@dbmate/darwin-arm64": {
      "version": "2.17.0",
      "resolved": "https://registry.npmjs.org/@dbmate/darwin-arm64/-/darwin-arm64-2.17.0.tgz",
      "integrity": "sha512-7UrC15s47B7fcDQfpvMPHhYcfUfY60mQs8jaJcy2LboFxgxs5y+PEFElfDT7AQqrz0nYUPDvps1x0jMd13P1YA==",
      "cpu": [
        "arm64"
      ],
      "dev": true,
      "optional": true,
      "os": [
        "darwin"
      ]
    },
    "node_modules/@dbmate/darwin-x64": {
      "version": "2.17.0",
      "resolved": "https://registry.npmjs.org/@dbmate/darwin-x64/-/darwin-x64-2.17.0.tgz",
      "integrity": "sha512-QrYdpcenswK44YVDUBvf2bSAAOs3/z0TLTJPHJOhpvm67bggQoKFuYa4xfJ9BvMHbaSvRtD+4xxpKGmDpSf+SA==",
      "cpu": [
        "x64"
      ],
      "dev": true,
      "optional": true,
      "os": [
        "darwin"
      ]
    },
    "node_modules/@dbmate/linux-arm": {
      "version": "2.17.0",
      "resolved": "https://registry.npmjs.org/@dbmate/linux-arm/-/linux-arm-2.17.0.tgz",
      "integrity": "sha512-GfN9rvxZtD5rGAb0K6hjajjAFWwxqffretzOupGR8Gq6l4Rh7jJDWf1YkyDzUrM9PhGj4f2rTPl2tp0cgAUeGQ==",
      "cpu": [
        "arm"
      ],
      "dev": true,
      "optional": true,
      "os": [
        "linux"
      ]
    },
    "node_modules/@dbmate/linux-arm64": {
      "version": "2.17.0",
      "resolved": "https://registry.npmjs.org/@dbmate/linux-arm64/-/linux-arm64-2.17.0.tgz",
      "integrity": "sha512-XOqvbzZi1PHdx5u5B1LNtJW+610xBjq8avylCb/UoVXgPxjeDOmyAsW93kQHhol2IZ3wAEJYI/W0ONCRxyucZw==",
      "cpu": [
        "arm64"
      ],
      "dev": true,
      "optional": true,
      "os": [
        "linux"
      ]
    },
    "node_modules/@dbmate/linux-ia32": {
      "version": "2.17.0",
      "resolved": "https://registry.npmjs.org/@dbmate/linux-ia32/-/linux-ia32-2.17.0.tgz",
      "integrity": "sha512-Og0F2xRnRAA6yEVHzYB8B684UrGxg4iUv1Thd7UlPM4v/Y4TDAM0oOrxv3tRdxnoTzCt3BkIEuFUv0otCDGu4w==",
      "cpu": [
        "ia32"
      ],
      "dev": true,
      "optional": true,
      "os": [
        "linux"
      ]
    },
    "node_modules/@dbmate/linux-x64": {
      "version": "2.17.0",
      "resolved": "https://registry.npmjs.org/@dbmate/linux-x64/-/linux-x64-2.17.0.tgz",
      "integrity": "sha512-ZRGdlihajSvbyEI6GwA3Fi7wGO07Y6vzSEbY8aEsROwvOfcL91wON91obYGlItxiqqslUuw+RJFvkYgvd9vUXg==",
      "cpu": [
        "x64"
      ],
      "dev": true,
      "optional": true,
      "os": [
        "linux"
      ]
    },
    "node_modules/@dbmate/win32-x64": {
      "version": "2.17.0",
      "resolved": "https://registry.npmjs.org/@dbmate/win32-x64/-/win32-x64-2.17.0.tgz",
      "integrity": "sha512-ngqLveqjxBmOFg1L7kw5cRIMcz+uqQ9/aB4j/hum5Zgl/Rdf5h+OLoR3upuOmUXibgdeArm1uHhFfqra+0rW0A==",
      "cpu": [
        "x64"
      ],
      "dev": true,
      "optional": true,
      "os": [
        "win32"
      ]
    },
    "node_modules/dbmate": {
      "version": "2.17.0",
      "resolved": "https://registry.npmjs.org/dbmate/-/dbmate-2.17.0.tgz",
      "integrity": "sha512-P1PgT7rgO0OSRu4oczNw6PL84Mg5JjF0TsIklXMWvmo28KVlSfCCkesVcdBLFzzW3BhnSO+Bs1Bnnz/Q0l8qVg==",
      "dev": true,
      "bin": {
        "dbmate": "dist/cli.js"
      },
      "optionalDependencies": {
        "@dbmate/darwin-arm64": "2.17.0",
        "@dbmate/darwin-x64": "2.17.0",
        "@dbmate/linux-arm": "2.17.0",
        "@dbmate/linux-arm64": "2.17.0",
        "@dbmate/linux-ia32": "2.17.0",
        "@dbmate/linux-x64": "2.17.0",
        "@dbmate/win32-x64": "2.17.0"
      }
    }
  }
}
